
Microsoft Visual Studio Solution File, Format Version 12.00
# Visual Studio Version 17
VisualStudioVersion = 17.4.33205.214
MinimumVisualStudioVersion = 10.0.40219.1
Project("{FAE04EC0-301F-11D3-BF4B-00C04F79EFBC}") = "ControleDeContatos", "ControleDeContatos\ControleDeContatos.csproj", "{EA58E3F4-FEDD-41B2-BC94-ED00FC35198B}"
EndProject
Global
	GlobalSection(SolutionConfigurationPlatforms) = preSolution
		Debug|Any CPU = Debug|Any CPU
		Release|Any CPU = Release|Any CPU
	EndGlobalSection
	GlobalSection(ProjectConfigurationPlatforms) = postSolution
		{EA58E3F4-FEDD-41B2-BC94-ED00FC35198B}.Debug|Any CPU.ActiveCfg = Debug|Any CPU
		{EA58E3F4-FEDD-41B2-BC94-ED00FC35198B}.Debug|Any CPU.Build.0 = Debug|Any CPU
		{EA58E3F4-FEDD-41B2-BC94-ED00FC35198B}.Release|Any CPU.ActiveCfg = Release|Any CPU
		{EA58E3F4-FEDD-41B2-BC94-ED00FC35198B}.Release|Any CPU.Build.0 = Release|Any CPU
	EndGlobalSection
	GlobalSection(SolutionProperties) = preSolution
		HideSolutionNode = FALSE
	EndGlobalSection
	GlobalSection(ExtensibilityGlobals) = postSolution
		SolutionGuid = {67B7C5C5-D86E-4AC6-A6B4-EB931DD1B0F0}
	EndGlobalSection
EndGlobal
